
Microsoft Visual Studio Solution File, Format Version 12.00
# Visual Studio 15
VisualStudioVersion = 15.0.28307.168
MinimumVisualStudioVersion = 10.0.40219.1
Project("{8BC9CEB8-8B4A-11D0-8D11-00A0C91BC942}") = "BookingSystem", "BookingSystem\BookingSystem.vcxproj", "{B5F05F5D-E1E5-477F-85C9-6EC804CFCF82}"
EndProject
Global
	GlobalSection(SolutionConfigurationPlatforms) = preSolution
		Debug|x64 = Debug|x64
		Debug|x86 = Debug|x86
		Release|x64 = Release|x64
		Release|x86 = Release|x86
	EndGlobalSection
	GlobalSection(ProjectConfigurationPlatforms) = postSolution
		{B5F05F5D-E1E5-477F-85C9-6EC804CFCF82}.Debug|x64.ActiveCfg = Debug|x64
		{B5F05F5D-E1E5-477F-85C9-6EC804CFCF82}.Debug|x64.Build.0 = Debug|x64
		{B5F05F5D-E1E5-477F-85C9-6EC804CFCF82}.Debug|x86.ActiveCfg = Debug|Win32
		{B5F05F5D-E1E5-477F-85C9-6EC804CFCF82}.Debug|x86.Build.0 = Debug|Win32
		{B5F05F5D-E1E5-477F-85C9-6EC804CFCF82}.Release|x64.ActiveCfg = Release|x64
		{B5F05F5D-E1E5-477F-85C9-6EC804CFCF82}.Release|x64.Build.0 = Release|x64
		{B5F05F5D-E1E5-477F-85C9-6EC804CFCF82}.Release|x86.ActiveCfg = Release|Win32
		{B5F05F5D-E1E5-477F-85C9-6EC804CFCF82}.Release|x86.Build.0 = Release|Win32
	EndGlobalSection
	GlobalSection(SolutionProperties) = preSolution
		HideSolutionNode = FALSE
	EndGlobalSection
	GlobalSection(ExtensibilityGlobals) = postSolution
		SolutionGuid = {32B3E0AD-5896-44E6-BF5A-2BB43485DC03}
	EndGlobalSection
EndGlobal
